// !$*UTF8*$!
{
	archiveVersion = 1;
	classes = {
	};
	objectVersion = 46;
	objects = {

/* Begin PBXBuildFile section */
		7F89BE2F1F2AE67F00320F0C /* main.m in Sources */ = {isa = PBXBuildFile; fileRef = 7F89BE2E1F2AE67F00320F0C /* main.m */; };
		7F89BE321F2AE67F00320F0C /* AppDelegate.m in Sources */ = {isa = PBXBuildFile; fileRef = 7F89BE311F2AE67F00320F0C /* AppDelegate.m */; };
		7F89BE351F2AE67F00320F0C /* ViewController.m in Sources */ = {isa = PBXBuildFile; fileRef = 7F89BE341F2AE67F00320F0C /* ViewController.m */; };
		7F89BE381F2AE67F00320F0C /* Main.storyboard in Resources */ = {isa = PBXBuildFile; fileRef = 7F89BE361F2AE67F00320F0C /* Main.storyboard */; };
		7F89BE3A1F2AE67F00320F0C /* Assets.xcassets in Resources */ = {isa = PBXBuildFile; fileRef = 7F89BE391F2AE67F00320F0C /* Assets.xcassets */; };
		7F89BE3D1F2AE67F00320F0C /* LaunchScreen.storyboard in Resources */ = {isa = PBXBuildFile; fileRef = 7F89BE3B1F2AE67F00320F0C /* LaunchScreen.storyboard */; };
		7F89BE471F2AE6F100320F0C /* JHBaseOptionView.m in Sources */ = {isa = PBXBuildFile; fileRef = 7F89BE461F2AE6F100320F0C /* JHBaseOptionView.m */; };
		7F89BE631F2AE88F00320F0C /* MASCompositeConstraint.m in Sources */ = {isa = PBXBuildFile; fileRef = 7F89BE4B1F2AE88F00320F0C /* MASCompositeConstraint.m */; };
		7F89BE641F2AE88F00320F0C /* MASConstraint.m in Sources */ = {isa = PBXBuildFile; fileRef = 7F89BE4E1F2AE88F00320F0C /* MASConstraint.m */; };
		7F89BE651F2AE88F00320F0C /* MASConstraintMaker.m in Sources */ = {isa = PBXBuildFile; fileRef = 7F89BE501F2AE88F00320F0C /* MASConstraintMaker.m */; };
		7F89BE661F2AE88F00320F0C /* MASLayoutConstraint.m in Sources */ = {isa = PBXBuildFile; fileRef = 7F89BE521F2AE88F00320F0C /* MASLayoutConstraint.m */; };
		7F89BE671F2AE88F00320F0C /* MASViewAttribute.m in Sources */ = {isa = PBXBuildFile; fileRef = 7F89BE561F2AE88F00320F0C /* MASViewAttribute.m */; };
		7F89BE681F2AE88F00320F0C /* MASViewConstraint.m in Sources */ = {isa = PBXBuildFile; fileRef = 7F89BE581F2AE88F00320F0C /* MASViewConstraint.m */; };
		7F89BE691F2AE88F00320F0C /* NSArray+MASAdditions.m in Sources */ = {isa = PBXBuildFile; fileRef = 7F89BE5A1F2AE88F00320F0C /* NSArray+MASAdditions.m */; };
		7F89BE6A1F2AE88F00320F0C /* NSLayoutConstraint+MASDebugAdditions.m in Sources */ = {isa = PBXBuildFile; fileRef = 7F89BE5D1F2AE88F00320F0C /* NSLayoutConstraint+MASDebugAdditions.m */; };
		7F89BE6B1F2AE88F00320F0C /* View+MASAdditions.m in Sources */ = {isa = PBXBuildFile; fileRef = 7F89BE5F1F2AE88F00320F0C /* View+MASAdditions.m */; };
		7F89BE6C1F2AE88F00320F0C /* ViewController+MASAdditions.m in Sources */ = {isa = PBXBuildFile; fileRef = 7F89BE621F2AE88F00320F0C /* ViewController+MASAdditions.m */; };
		7F89BE701F2AF43B00320F0C /* JHNormalOptionView.m in Sources */ = {isa = PBXBuildFile; fileRef = 7F89BE6F1F2AF43B00320F0C /* JHNormalOptionView.m */; };
		7F89BE761F2B1B9400320F0C /* JHDateOptionView.m in Sources */ = {isa = PBXBuildFile; fileRef = 7F89BE751F2B1B9400320F0C /* JHDateOptionView.m */; };
		7F89BE791F2B235700320F0C /* JHAreaOptionView.m in Sources */ = {isa = PBXBuildFile; fileRef = 7F89BE781F2B235700320F0C /* JHAreaOptionView.m */; };
		7F89BE7C1F2B2CD300320F0C /* ht_area.sqlite in Resources */ = {isa = PBXBuildFile; fileRef = 7F89BE7B1F2B2CD300320F0C /* ht_area.sqlite */; };
		7F89BE891F2B2E6A00320F0C /* FMDatabase.m in Sources */ = {isa = PBXBuildFile; fileRef = 7F89BE7F1F2B2E6A00320F0C /* FMDatabase.m */; };
		7F89BE8A1F2B2E6A00320F0C /* FMDatabaseAdditions.m in Sources */ = {isa = PBXBuildFile; fileRef = 7F89BE811F2B2E6A00320F0C /* FMDatabaseAdditions.m */; };
		7F89BE8B1F2B2E6A00320F0C /* FMDatabasePool.m in Sources */ = {isa = PBXBuildFile; fileRef = 7F89BE831F2B2E6A00320F0C /* FMDatabasePool.m */; };
		7F89BE8C1F2B2E6A00320F0C /* FMDatabaseQueue.m in Sources */ = {isa = PBXBuildFile; fileRef = 7F89BE851F2B2E6A00320F0C /* FMDatabaseQueue.m */; };
		7F89BE8D1F2B2E6A00320F0C /* FMResultSet.m in Sources */ = {isa = PBXBuildFile; fileRef = 7F89BE881F2B2E6A00320F0C /* FMResultSet.m */; };
		7F89BE901F2B2ED600320F0C /* Area.m in Sources */ = {isa = PBXBuildFile; fileRef = 7F89BE8F1F2B2ED600320F0C /* Area.m */; };
		7F89BE931F2B2F4600320F0C /* AreaDAL.m in Sources */ = {isa = PBXBuildFile; fileRef = 7F89BE921F2B2F4600320F0C /* AreaDAL.m */; };
		7F89BE9A1F2B302200320F0C /* NSObject+YYModel.m in Sources */ = {isa = PBXBuildFile; fileRef = 7F89BE961F2B302200320F0C /* NSObject+YYModel.m */; };
		7F89BE9B1F2B302200320F0C /* YYClassInfo.m in Sources */ = {isa = PBXBuildFile; fileRef = 7F89BE981F2B302200320F0C /* YYClassInfo.m */; };
		7F89BE9E1F2B374700320F0C /* libsqlite3.0.tbd in Frameworks */ = {isa = PBXBuildFile; fileRef = 7F89BE9D1F2B374700320F0C /* libsqlite3.0.tbd */; };
/* End PBXBuildFile section */

/* Begin PBXFileReference section */
		7F89BE2A1F2AE67F00320F0C /* JHOptionView.app */ = {isa = PBXFileReference; explicitFileType = wrapper.application; includeInIndex = 0; path = JHOptionView.app; sourceTree = BUILT_PRODUCTS_DIR; };
		7F89BE2E1F2AE67F00320F0C /* main.m */ = {isa = PBXFileReference; lastKnownFileType = sourcecode.c.objc; path = main.m; sourceTree = "<group>"; };
		7F89BE301F2AE67F00320F0C /* AppDelegate.h */ = {isa = PBXFileReference; lastKnownFileType = sourcecode.c.h; path = AppDelegate.h; sourceTree = "<group>"; };
		7F89BE311F2AE67F00320F0C /* AppDelegate.m */ = {isa = PBXFileReference; lastKnownFileType = sourcecode.c.objc; path = AppDelegate.m; sourceTree = "<group>"; };
		7F89BE331F2AE67F00320F0C /* ViewController.h */ = {isa = PBXFileReference; lastKnownFileType = sourcecode.c.h; path = ViewController.h; sourceTree = "<group>"; };
		7F89BE341F2AE67F00320F0C /* ViewController.m */ = {isa = PBXFileReference; lastKnownFileType = sourcecode.c.objc; path = ViewController.m; sourceTree = "<group>"; };
		7F89BE371F2AE67F00320F0C /* Base */ = {isa = PBXFileReference; lastKnownFileType = file.storyboard; name = Base; path = Base.lproj/Main.storyboard; sourceTree = "<group>"; };
		7F89BE391F2AE67F00320F0C /* Assets.xcassets */ = {isa = PBXFileReference; lastKnownFileType = folder.assetcatalog; path = Assets.xcassets; sourceTree = "<group>"; };
		7F89BE3C1F2AE67F00320F0C /* Base */ = {isa = PBXFileReference; lastKnownFileType = file.storyboard; name = Base; path = Base.lproj/LaunchScreen.storyboard; sourceTree = "<group>"; };
		7F89BE3E1F2AE67F00320F0C /* Info.plist */ = {isa = PBXFileReference; lastKnownFileType = text.plist.xml; path = Info.plist; sourceTree = "<group>"; };
		7F89BE451F2AE6F100320F0C /* JHBaseOptionView.h */ = {isa = PBXFileReference; fileEncoding = 4; lastKnownFileType = sourcecode.c.h; path = JHBaseOptionView.h; sourceTree = "<group>"; };
		7F89BE461F2AE6F100320F0C /* JHBaseOptionView.m */ = {isa = PBXFileReference; fileEncoding = 4; lastKnownFileType = sourcecode.c.objc; path = JHBaseOptionView.m; sourceTree = "<group>"; };
		7F89BE4A1F2AE88F00320F0C /* MASCompositeConstraint.h */ = {isa = PBXFileReference; fileEncoding = 4; lastKnownFileType = sourcecode.c.h; path = MASCompositeConstraint.h; sourceTree = "<group>"; };
		7F89BE4B1F2AE88F00320F0C /* MASCompositeConstraint.m */ = {isa = PBXFileReference; fileEncoding = 4; lastKnownFileType = sourcecode.c.objc; path = MASCompositeConstraint.m; sourceTree = "<group>"; };
		7F89BE4C1F2AE88F00320F0C /* MASConstraint+Private.h */ = {isa = PBXFileReference; fileEncoding = 4; lastKnownFileType = sourcecode.c.h; path = "MASConstraint+Private.h"; sourceTree = "<group>"; };
		7F89BE4D1F2AE88F00320F0C /* MASConstraint.h */ = {isa = PBXFileReference; fileEncoding = 4; lastKnownFileType = sourcecode.c.h; path = MASConstraint.h; sourceTree = "<group>"; };
		7F89BE4E1F2AE88F00320F0C /* MASConstraint.m */ = {isa = PBXFileReference; fileEncoding = 4; lastKnownFileType = sourcecode.c.objc; path = MASConstraint.m; sourceTree = "<group>"; };
		7F89BE4F1F2AE88F00320F0C /* MASConstraintMaker.h */ = {isa = PBXFileReference; fileEncoding = 4; lastKnownFileType = sourcecode.c.h; path = MASConstraintMaker.h; sourceTree = "<group>"; };
		7F89BE501F2AE88F00320F0C /* MASConstraintMaker.m */ = {isa = PBXFileReference; fileEncoding = 4; lastKnownFileType = sourcecode.c.objc; path = MASConstraintMaker.m; sourceTree = "<group>"; };
		7F89BE511F2AE88F00320F0C /* MASLayoutConstraint.h */ = {isa = PBXFileReference; fileEncoding = 4; lastKnownFileType = sourcecode.c.h; path = MASLayoutConstraint.h; sourceTree = "<group>"; };
		7F89BE521F2AE88F00320F0C /* MASLayoutConstraint.m */ = {isa = PBXFileReference; fileEncoding = 4; lastKnownFileType = sourcecode.c.objc; path = MASLayoutConstraint.m; sourceTree = "<group>"; };
		7F89BE531F2AE88F00320F0C /* Masonry.h */ = {isa = PBXFileReference; fileEncoding = 4; lastKnownFileType = sourcecode.c.h; path = Masonry.h; sourceTree = "<group>"; };
		7F89BE541F2AE88F00320F0C /* MASUtilities.h */ = {isa = PBXFileReference; fileEncoding = 4; lastKnownFileType = sourcecode.c.h; path = MASUtilities.h; sourceTree = "<group>"; };
		7F89BE551F2AE88F00320F0C /* MASViewAttribute.h */ = {isa = PBXFileReference; fileEncoding = 4; lastKnownFileType = sourcecode.c.h; path = MASViewAttribute.h; sourceTree = "<group>"; };
		7F89BE561F2AE88F00320F0C /* MASViewAttribute.m */ = {isa = PBXFileReference; fileEncoding = 4; lastKnownFileType = sourcecode.c.objc; path = MASViewAttribute.m; sourceTree = "<group>"; };
		7F89BE571F2AE88F00320F0C /* MASViewConstraint.h */ = {isa = PBXFileReference; fileEncoding = 4; lastKnownFileType = sourcecode.c.h; path = MASViewConstraint.h; sourceTree = "<group>"; };
		7F89BE581F2AE88F00320F0C /* MASViewConstraint.m */ = {isa = PBXFileReference; fileEncoding = 4; lastKnownFileType = sourcecode.c.objc; path = MASViewConstraint.m; sourceTree = "<group>"; };
		7F89BE591F2AE88F00320F0C /* NSArray+MASAdditions.h */ = {isa = PBXFileReference; fileEncoding = 4; lastKnownFileType = sourcecode.c.h; path = "NSArray+MASAdditions.h"; sourceTree = "<group>"; };
		7F89BE5A1F2AE88F00320F0C /* NSArray+MASAdditions.m */ = {isa = PBXFileReference; fileEncoding = 4; lastKnownFileType = sourcecode.c.objc; path = "NSArray+MASAdditions.m"; sourceTree = "<group>"; };
		7F89BE5B1F2AE88F00320F0C /* NSArray+MASShorthandAdditions.h */ = {isa = PBXFileReference; fileEncoding = 4; lastKnownFileType = sourcecode.c.h; path = "NSArray+MASShorthandAdditions.h"; sourceTree = "<group>"; };
		7F89BE5C1F2AE88F00320F0C /* NSLayoutConstraint+MASDebugAdditions.h */ = {isa = PBXFileReference; fileEncoding = 4; lastKnownFileType = sourcecode.c.h; path = "NSLayoutConstraint+MASDebugAdditions.h"; sourceTree = "<group>"; };
		7F89BE5D1F2AE88F00320F0C /* NSLayoutConstraint+MASDebugAdditions.m */ = {isa = PBXFileReference; fileEncoding = 4; lastKnownFileType = sourcecode.c.objc; path = "NSLayoutConstraint+MASDebugAdditions.m"; sourceTree = "<group>"; };
		7F89BE5E1F2AE88F00320F0C /* View+MASAdditions.h */ = {isa = PBXFileReference; fileEncoding = 4; lastKnownFileType = sourcecode.c.h; path = "View+MASAdditions.h"; sourceTree = "<group>"; };
		7F89BE5F1F2AE88F00320F0C /* View+MASAdditions.m */ = {isa = PBXFileReference; fileEncoding = 4; lastKnownFileType = sourcecode.c.objc; path = "View+MASAdditions.m"; sourceTree = "<group>"; };
		7F89BE601F2AE88F00320F0C /* View+MASShorthandAdditions.h */ = {isa = PBXFileReference; fileEncoding = 4; lastKnownFileType = sourcecode.c.h; path = "View+MASShorthandAdditions.h"; sourceTree = "<group>"; };
		7F89BE611F2AE88F00320F0C /* ViewController+MASAdditions.h */ = {isa = PBXFileReference; fileEncoding = 4; lastKnownFileType = sourcecode.c.h; path = "ViewController+MASAdditions.h"; sourceTree = "<group>"; };
		7F89BE621F2AE88F00320F0C /* ViewController+MASAdditions.m */ = {isa = PBXFileReference; fileEncoding = 4; lastKnownFileType = sourcecode.c.objc; path = "ViewController+MASAdditions.m"; sourceTree = "<group>"; };
		7F89BE6D1F2AE8D100320F0C /* PrefixHeader.pch */ = {isa = PBXFileReference; lastKnownFileType = sourcecode.c.h; path = PrefixHeader.pch; sourceTree = "<group>"; };
		7F89BE6E1F2AF43B00320F0C /* JHNormalOptionView.h */ = {isa = PBXFileReference; fileEncoding = 4; lastKnownFileType = sourcecode.c.h; path = JHNormalOptionView.h; sourceTree = "<group>"; };
		7F89BE6F1F2AF43B00320F0C /* JHNormalOptionView.m */ = {isa = PBXFileReference; fileEncoding = 4; lastKnownFileType = sourcecode.c.objc; path = JHNormalOptionView.m; sourceTree = "<group>"; };
		7F89BE741F2B1B9400320F0C /* JHDateOptionView.h */ = {isa = PBXFileReference; fileEncoding = 4; lastKnownFileType = sourcecode.c.h; path = JHDateOptionView.h; sourceTree = "<group>"; };
		7F89BE751F2B1B9400320F0C /* JHDateOptionView.m */ = {isa = PBXFileReference; fileEncoding = 4; lastKnownFileType = sourcecode.c.objc; path = JHDateOptionView.m; sourceTree = "<group>"; };
		7F89BE771F2B235700320F0C /* JHAreaOptionView.h */ = {isa = PBXFileReference; fileEncoding = 4; lastKnownFileType = sourcecode.c.h; path = JHAreaOptionView.h; sourceTree = "<group>"; };
		7F89BE781F2B235700320F0C /* JHAreaOptionView.m */ = {isa = PBXFileReference; fileEncoding = 4; lastKnownFileType = sourcecode.c.objc; path = JHAreaOptionView.m; sourceTree = "<group>"; };
		7F89BE7B1F2B2CD300320F0C /* ht_area.sqlite */ = {isa = PBXFileReference; lastKnownFileType = file; path = ht_area.sqlite; sourceTree = "<group>"; };
		7F89BE7E1F2B2E6A00320F0C /* FMDatabase.h */ = {isa = PBXFileReference; fileEncoding = 4; lastKnownFileType = sourcecode.c.h; path = FMDatabase.h; sourceTree = "<group>"; };
		7F89BE7F1F2B2E6A00320F0C /* FMDatabase.m */ = {isa = PBXFileReference; fileEncoding = 4; lastKnownFileType = sourcecode.c.objc; path = FMDatabase.m; sourceTree = "<group>"; };
		7F89BE801F2B2E6A00320F0C /* FMDatabaseAdditions.h */ = {isa = PBXFileReference; fileEncoding = 4; lastKnownFileType = sourcecode.c.h; path = FMDatabaseAdditions.h; sourceTree = "<group>"; };
		7F89BE811F2B2E6A00320F0C /* FMDatabaseAdditions.m */ = {isa = PBXFileReference; fileEncoding = 4; lastKnownFileType = sourcecode.c.objc; path = FMDatabaseAdditions.m; sourceTree = "<group>"; };
		7F89BE821F2B2E6A00320F0C /* FMDatabasePool.h */ = {isa = PBXFileReference; fileEncoding = 4; lastKnownFileType = sourcecode.c.h; path = FMDatabasePool.h; sourceTree = "<group>"; };
		7F89BE831F2B2E6A00320F0C /* FMDatabasePool.m */ = {isa = PBXFileReference; fileEncoding = 4; lastKnownFileType = sourcecode.c.objc; path = FMDatabasePool.m; sourceTree = "<group>"; };
		7F89BE841F2B2E6A00320F0C /* FMDatabaseQueue.h */ = {isa = PBXFileReference; fileEncoding = 4; lastKnownFileType = sourcecode.c.h; path = FMDatabaseQueue.h; sourceTree = "<group>"; };
		7F89BE851F2B2E6A00320F0C /* FMDatabaseQueue.m */ = {isa = PBXFileReference; fileEncoding = 4; lastKnownFileType = sourcecode.c.objc; path = FMDatabaseQueue.m; sourceTree = "<group>"; };
		7F89BE861F2B2E6A00320F0C /* FMDB.h */ = {isa = PBXFileReference; fileEncoding = 4; lastKnownFileType = sourcecode.c.h; path = FMDB.h; sourceTree = "<group>"; };
		7F89BE871F2B2E6A00320F0C /* FMResultSet.h */ = {isa = PBXFileReference; fileEncoding = 4; lastKnownFileType = sourcecode.c.h; path = FMResultSet.h; sourceTree = "<group>"; };
		7F89BE881F2B2E6A00320F0C /* FMResultSet.m */ = {isa = PBXFileReference; fileEncoding = 4; lastKnownFileType = sourcecode.c.objc; path = FMResultSet.m; sourceTree = "<group>"; };
		7F89BE8E1F2B2ED600320F0C /* Area.h */ = {isa = PBXFileReference; fileEncoding = 4; lastKnownFileType = sourcecode.c.h; path = Area.h; sourceTree = "<group>"; };
		7F89BE8F1F2B2ED600320F0C /* Area.m */ = {isa = PBXFileReference; fileEncoding = 4; lastKnownFileType = sourcecode.c.objc; path = Area.m; sourceTree = "<group>"; };
		7F89BE911F2B2F4600320F0C /* AreaDAL.h */ = {isa = PBXFileReference; fileEncoding = 4; lastKnownFileType = sourcecode.c.h; path = AreaDAL.h; sourceTree = "<group>"; };
		7F89BE921F2B2F4600320F0C /* AreaDAL.m */ = {isa = PBXFileReference; fileEncoding = 4; lastKnownFileType = sourcecode.c.objc; path = AreaDAL.m; sourceTree = "<group>"; };
		7F89BE951F2B302200320F0C /* NSObject+YYModel.h */ = {isa = PBXFileReference; fileEncoding = 4; lastKnownFileType = sourcecode.c.h; path = "NSObject+YYModel.h"; sourceTree = "<group>"; };
		7F89BE961F2B302200320F0C /* NSObject+YYModel.m */ = {isa = PBXFileReference; fileEncoding = 4; lastKnownFileType = sourcecode.c.objc; path = "NSObject+YYModel.m"; sourceTree = "<group>"; };
		7F89BE971F2B302200320F0C /* YYClassInfo.h */ = {isa = PBXFileReference; fileEncoding = 4; lastKnownFileType = sourcecode.c.h; path = YYClassInfo.h; sourceTree = "<group>"; };
		7F89BE981F2B302200320F0C /* YYClassInfo.m */ = {isa = PBXFileReference; fileEncoding = 4; lastKnownFileType = sourcecode.c.objc; path = YYClassInfo.m; sourceTree = "<group>"; };
		7F89BE991F2B302200320F0C /* YYModel.h */ = {isa = PBXFileReference; fileEncoding = 4; lastKnownFileType = sourcecode.c.h; path = YYModel.h; sourceTree = "<group>"; };
		7F89BE9D1F2B374700320F0C /* libsqlite3.0.tbd */ = {isa = PBXFileReference; lastKnownFileType = "sourcecode.text-based-dylib-definition"; name = libsqlite3.0.tbd; path = usr/lib/libsqlite3.0.tbd; sourceTree = SDKROOT; };
/* End PBXFileReference section */

/* Begin PBXFrameworksBuildPhase section */
		7F89BE271F2AE67F00320F0C /* Frameworks */ = {
			isa = PBXFrameworksBuildPhase;
			buildActionMask = 2147483647;
			files = (
				7F89BE9E1F2B374700320F0C /* libsqlite3.0.tbd in Frameworks */,
			);
			runOnlyForDeploymentPostprocessing = 0;
		};
/* End PBXFrameworksBuildPhase section */

/* Begin PBXGroup section */
		7F89BE211F2AE67F00320F0C = {
			isa = PBXGroup;
			children = (
				7F89BE2C1F2AE67F00320F0C /* JHOptionView */,
				7F89BE2B1F2AE67F00320F0C /* Products */,
				7F89BE9C1F2B374600320F0C /* Frameworks */,
			);
			sourceTree = "<group>";
		};
		7F89BE2B1F2AE67F00320F0C /* Products */ = {
			isa = PBXGroup;
			children = (
				7F89BE2A1F2AE67F00320F0C /* JHOptionView.app */,
			);
			name = Products;
			sourceTree = "<group>";
		};
		7F89BE2C1F2AE67F00320F0C /* JHOptionView */ = {
			isa = PBXGroup;
			children = (
				7F89BE481F2AE88F00320F0C /* Library */,
				7F89BE441F2AE6BF00320F0C /* JHOptionView */,
				7F89BE301F2AE67F00320F0C /* AppDelegate.h */,
				7F89BE311F2AE67F00320F0C /* AppDelegate.m */,
				7F89BE331F2AE67F00320F0C /* ViewController.h */,
				7F89BE341F2AE67F00320F0C /* ViewController.m */,
				7F89BE6D1F2AE8D100320F0C /* PrefixHeader.pch */,
				7F89BE361F2AE67F00320F0C /* Main.storyboard */,
				7F89BE391F2AE67F00320F0C /* Assets.xcassets */,
				7F89BE3B1F2AE67F00320F0C /* LaunchScreen.storyboard */,
				7F89BE3E1F2AE67F00320F0C /* Info.plist */,
				7F89BE2D1F2AE67F00320F0C /* Supporting Files */,
			);
			path = JHOptionView;
			sourceTree = "<group>";
		};
		7F89BE2D1F2AE67F00320F0C /* Supporting Files */ = {
			isa = PBXGroup;
			children = (
				7F89BE2E1F2AE67F00320F0C /* main.m */,
			);
			name = "Supporting Files";
			sourceTree = "<group>";
		};
		7F89BE441F2AE6BF00320F0C /* JHOptionView */ = {
			isa = PBXGroup;
			children = (
				7F89BE7A1F2B2CD300320F0C /* DB */,
				7F89BE451F2AE6F100320F0C /* JHBaseOptionView.h */,
				7F89BE461F2AE6F100320F0C /* JHBaseOptionView.m */,
				7F89BE6E1F2AF43B00320F0C /* JHNormalOptionView.h */,
				7F89BE6F1F2AF43B00320F0C /* JHNormalOptionView.m */,
				7F89BE741F2B1B9400320F0C /* JHDateOptionView.h */,
				7F89BE751F2B1B9400320F0C /* JHDateOptionView.m */,
				7F89BE771F2B235700320F0C /* JHAreaOptionView.h */,
				7F89BE781F2B235700320F0C /* JHAreaOptionView.m */,
			);
			path = JHOptionView;
			sourceTree = "<group>";
		};
		7F89BE481F2AE88F00320F0C /* Library */ = {
			isa = PBXGroup;
			children = (
				7F89BE941F2B302200320F0C /* YYModel */,
				7F89BE7D1F2B2E6A00320F0C /* fmdb */,
				7F89BE491F2AE88F00320F0C /* Masonry */,
			);
			path = Library;
			sourceTree = "<group>";
		};
		7F89BE491F2AE88F00320F0C /* Masonry */ = {
			isa = PBXGroup;
			children = (
				7F89BE4A1F2AE88F00320F0C /* MASCompositeConstraint.h */,
				7F89BE4B1F2AE88F00320F0C /* MASCompositeConstraint.m */,
				7F89BE4C1F2AE88F00320F0C /* MASConstraint+Private.h */,
				7F89BE4D1F2AE88F00320F0C /* MASConstraint.h */,
				7F89BE4E1F2AE88F00320F0C /* MASConstraint.m */,
				7F89BE4F1F2AE88F00320F0C /* MASConstraintMaker.h */,
				7F89BE501F2AE88F00320F0C /* MASConstraintMaker.m */,
				7F89BE511F2AE88F00320F0C /* MASLayoutConstraint.h */,
				7F89BE521F2AE88F00320F0C /* MASLayoutConstraint.m */,
				7F89BE531F2AE88F00320F0C /* Masonry.h */,
				7F89BE541F2AE88F00320F0C /* MASUtilities.h */,
				7F89BE551F2AE88F00320F0C /* MASViewAttribute.h */,
				7F89BE561F2AE88F00320F0C /* MASViewAttribute.m */,
				7F89BE571F2AE88F00320F0C /* MASViewConstraint.h */,
				7F89BE581F2AE88F00320F0C /* MASViewConstraint.m */,
				7F89BE591F2AE88F00320F0C /* NSArray+MASAdditions.h */,
				7F89BE5A1F2AE88F00320F0C /* NSArray+MASAdditions.m */,
				7F89BE5B1F2AE88F00320F0C /* NSArray+MASShorthandAdditions.h */,
				7F89BE5C1F2AE88F00320F0C /* NSLayoutConstraint+MASDebugAdditions.h */,
				7F89BE5D1F2AE88F00320F0C /* NSLayoutConstraint+MASDebugAdditions.m */,
				7F89BE5E1F2AE88F00320F0C /* View+MASAdditions.h */,
				7F89BE5F1F2AE88F00320F0C /* View+MASAdditions.m */,
				7F89BE601F2AE88F00320F0C /* View+MASShorthandAdditions.h */,
				7F89BE611F2AE88F00320F0C /* ViewController+MASAdditions.h */,
				7F89BE621F2AE88F00320F0C /* ViewController+MASAdditions.m */,
			);
			path = Masonry;
			sourceTree = "<group>";
		};
		7F89BE7A1F2B2CD300320F0C /* DB */ = {
			isa = PBXGroup;
			children = (
				7F89BE7B1F2B2CD300320F0C /* ht_area.sqlite */,
				7F89BE8E1F2B2ED600320F0C /* Area.h */,
				7F89BE8F1F2B2ED600320F0C /* Area.m */,
				7F89BE911F2B2F4600320F0C /* AreaDAL.h */,
				7F89BE921F2B2F4600320F0C /* AreaDAL.m */,
			);
			path = DB;
			sourceTree = "<group>";
		};
		7F89BE7D1F2B2E6A00320F0C /* fmdb */ = {
			isa = PBXGroup;
			children = (
				7F89BE7E1F2B2E6A00320F0C /* FMDatabase.h */,
				7F89BE7F1F2B2E6A00320F0C /* FMDatabase.m */,
				7F89BE801F2B2E6A00320F0C /* FMDatabaseAdditions.h */,
				7F89BE811F2B2E6A00320F0C /* FMDatabaseAdditions.m */,
				7F89BE821F2B2E6A00320F0C /* FMDatabasePool.h */,
				7F89BE831F2B2E6A00320F0C /* FMDatabasePool.m */,
				7F89BE841F2B2E6A00320F0C /* FMDatabaseQueue.h */,
				7F89BE851F2B2E6A00320F0C /* FMDatabaseQueue.m */,
				7F89BE861F2B2E6A00320F0C /* FMDB.h */,
				7F89BE871F2B2E6A00320F0C /* FMResultSet.h */,
				7F89BE881F2B2E6A00320F0C /* FMResultSet.m */,
			);
			path = fmdb;
			sourceTree = "<group>";
		};
		7F89BE941F2B302200320F0C /* YYModel */ = {
			isa = PBXGroup;
			children = (
				7F89BE951F2B302200320F0C /* NSObject+YYModel.h */,
				7F89BE961F2B302200320F0C /* NSObject+YYModel.m */,
				7F89BE971F2B302200320F0C /* YYClassInfo.h */,
				7F89BE981F2B302200320F0C /* YYClassInfo.m */,
				7F89BE991F2B302200320F0C /* YYModel.h */,
			);
			path = YYModel;
			sourceTree = "<group>";
		};
		7F89BE9C1F2B374600320F0C /* Frameworks */ = {
			isa = PBXGroup;
			children = (
				7F89BE9D1F2B374700320F0C /* libsqlite3.0.tbd */,
			);
			name = Frameworks;
			sourceTree = "<group>";
		};
/* End PBXGroup section */

/* Begin PBXNativeTarget section */
		7F89BE291F2AE67F00320F0C /* JHOptionView */ = {
			isa = PBXNativeTarget;
			buildConfigurationList = 7F89BE411F2AE67F00320F0C /* Build configuration list for PBXNativeTarget "JHOptionView" */;
			buildPhases = (
				7F89BE261F2AE67F00320F0C /* Sources */,
				7F89BE271F2AE67F00320F0C /* Frameworks */,
				7F89BE281F2AE67F00320F0C /* Resources */,
			);
			buildRules = (
			);
			dependencies = (
			);
			name = JHOptionView;
			productName = JHOptionView;
			productReference = 7F89BE2A1F2AE67F00320F0C /* JHOptionView.app */;
			productType = "com.apple.product-type.application";
		};
/* End PBXNativeTarget section */

/* Begin PBXProject section */
		7F89BE221F2AE67F00320F0C /* Project object */ = {
			isa = PBXProject;
			attributes = {
				LastUpgradeCheck = 0830;
				ORGANIZATIONNAME = yunshi;
				TargetAttributes = {
					7F89BE291F2AE67F00320F0C = {
						CreatedOnToolsVersion = 8.3.3;
						DevelopmentTeam = 6FF75Z63XL;
						ProvisioningStyle = Automatic;
					};
				};
			};
			buildConfigurationList = 7F89BE251F2AE67F00320F0C /* Build configuration list for PBXProject "JHOptionView" */;
			compatibilityVersion = "Xcode 3.2";
			developmentRegion = English;
			hasScannedForEncodings = 0;
			knownRegions = (
				en,
				Base,
			);
			mainGroup = 7F89BE211F2AE67F00320F0C;
			productRefGroup = 7F89BE2B1F2AE67F00320F0C /* Products */;
			projectDirPath = "";
			projectRoot = "";
			targets = (
				7F89BE291F2AE67F00320F0C /* JHOptionView */,
			);
		};
/* End PBXProject section */

/* Begin PBXResourcesBuildPhase section */
		7F89BE281F2AE67F00320F0C /* Resources */ = {
			isa = PBXResourcesBuildPhase;
			buildActionMask = 2147483647;
			files = (
				7F89BE3D1F2AE67F00320F0C /* LaunchScreen.storyboard in Resources */,
				7F89BE3A1F2AE67F00320F0C /* Assets.xcassets in Resources */,
				7F89BE7C1F2B2CD300320F0C /* ht_area.sqlite in Resources */,
				7F89BE381F2AE67F00320F0C /* Main.storyboard in Resources */,
			);
			runOnlyForDeploymentPostprocessing = 0;
		};
/* End PBXResourcesBuildPhase section */

/* Begin PBXSourcesBuildPhase section */
		7F89BE261F2AE67F00320F0C /* Sources */ = {
			isa = PBXSourcesBuildPhase;
			buildActionMask = 2147483647;
			files = (
				7F89BE651F2AE88F00320F0C /* MASConstraintMaker.m in Sources */,
				7F89BE761F2B1B9400320F0C /* JHDateOptionView.m in Sources */,
				7F89BE901F2B2ED600320F0C /* Area.m in Sources */,
				7F89BE351F2AE67F00320F0C /* ViewController.m in Sources */,
				7F89BE891F2B2E6A00320F0C /* FMDatabase.m in Sources */,
				7F89BE321F2AE67F00320F0C /* AppDelegate.m in Sources */,
				7F89BE791F2B235700320F0C /* JHAreaOptionView.m in Sources */,
				7F89BE701F2AF43B00320F0C /* JHNormalOptionView.m in Sources */,
				7F89BE641F2AE88F00320F0C /* MASConstraint.m in Sources */,
				7F89BE8D1F2B2E6A00320F0C /* FMResultSet.m in Sources */,
				7F89BE6C1F2AE88F00320F0C /* ViewController+MASAdditions.m in Sources */,
				7F89BE9A1F2B302200320F0C /* NSObject+YYModel.m in Sources */,
				7F89BE661F2AE88F00320F0C /* MASLayoutConstraint.m in Sources */,
				7F89BE691F2AE88F00320F0C /* NSArray+MASAdditions.m in Sources */,
				7F89BE681F2AE88F00320F0C /* MASViewConstraint.m in Sources */,
				7F89BE931F2B2F4600320F0C /* AreaDAL.m in Sources */,
				7F89BE671F2AE88F00320F0C /* MASViewAttribute.m in Sources */,
				7F89BE6B1F2AE88F00320F0C /* View+MASAdditions.m in Sources */,
				7F89BE471F2AE6F100320F0C /* JHBaseOptionView.m in Sources */,
				7F89BE8A1F2B2E6A00320F0C /* FMDatabaseAdditions.m in Sources */,
				7F89BE2F1F2AE67F00320F0C /* main.m in Sources */,
				7F89BE8C1F2B2E6A00320F0C /* FMDatabaseQueue.m in Sources */,
				7F89BE9B1F2B302200320F0C /* YYClassInfo.m in Sources */,
				7F89BE8B1F2B2E6A00320F0C /* FMDatabasePool.m in Sources */,
				7F89BE631F2AE88F00320F0C /* MASCompositeConstraint.m in Sources */,
				7F89BE6A1F2AE88F00320F0C /* NSLayoutConstraint+MASDebugAdditions.m in Sources */,
			);
			runOnlyForDeploymentPostprocessing = 0;
		};
/* End PBXSourcesBuildPhase section */

/* Begin PBXVariantGroup section */
		7F89BE361F2AE67F00320F0C /* Main.storyboard */ = {
			isa = PBXVariantGroup;
			children = (
				7F89BE371F2AE67F00320F0C /* Base */,
			);
			name = Main.storyboard;
			sourceTree = "<group>";
		};
		7F89BE3B1F2AE67F00320F0C /* LaunchScreen.storyboard */ = {
			isa = PBXVariantGroup;
			children = (
				7F89BE3C1F2AE67F00320F0C /* Base */,
			);
			name = LaunchScreen.storyboard;
			sourceTree = "<group>";
		};
/* End PBXVariantGroup section */

/* Begin XCBuildConfiguration section */
		7F89BE3F1F2AE67F00320F0C /* Debug */ = {
			isa = XCBuildConfiguration;
			buildSettings = {
				ALWAYS_SEARCH_USER_PATHS = NO;
				CLANG_ANALYZER_NONNULL = YES;
				CLANG_ANALYZER_NUMBER_OBJECT_CONVERSION = YES_AGGRESSIVE;
				CLANG_CXX_LANGUAGE_STANDARD = "gnu++0x";
				CLANG_CXX_LIBRARY = "libc++";
				CLANG_ENABLE_MODULES = YES;
				CLANG_ENABLE_OBJC_ARC = YES;
				CLANG_WARN_BOOL_CONVERSION = YES;
				CLANG_WARN_CONSTANT_CONVERSION = YES;
				CLANG_WARN_DIRECT_OBJC_ISA_USAGE = YES_ERROR;
				CLANG_WARN_DOCUMENTATION_COMMENTS = YES;
				CLANG_WARN_EMPTY_BODY = YES;
				CLANG_WARN_ENUM_CONVERSION = YES;
				CLANG_WARN_INFINITE_RECURSION = YES;
				CLANG_WARN_INT_CONVERSION = YES;
				CLANG_WARN_OBJC_ROOT_CLASS = YES_ERROR;
				CLANG_WARN_SUSPICIOUS_MOVE = YES;
				CLANG_WARN_UNREACHABLE_CODE = YES;
				CLANG_WARN__DUPLICATE_METHOD_MATCH = YES;
				"CODE_SIGN_IDENTITY[sdk=iphoneos*]" = "iPhone Developer";
				COPY_PHASE_STRIP = NO;
				DEBUG_INFORMATION_FORMAT = dwarf;
				ENABLE_STRICT_OBJC_MSGSEND = YES;
				ENABLE_TESTABILITY = YES;
				GCC_C_LANGUAGE_STANDARD = gnu99;
				GCC_DYNAMIC_NO_PIC = NO;
				GCC_NO_COMMON_BLOCKS = YES;
				GCC_OPTIMIZATION_LEVEL = 0;
				GCC_PREPROCESSOR_DEFINITIONS = (
					"DEBUG=1",
					"$(inherited)",
				);
				GCC_WARN_64_TO_32_BIT_CONVERSION = YES;
				GCC_WARN_ABOUT_RETURN_TYPE = YES_ERROR;
				GCC_WARN_UNDECLARED_SELECTOR = YES;
				GCC_WARN_UNINITIALIZED_AUTOS = YES_AGGRESSIVE;
				GCC_WARN_UNUSED_FUNCTION = YES;
				GCC_WARN_UNUSED_VARIABLE = YES;
				IPHONEOS_DEPLOYMENT_TARGET = 10.3;
				MTL_ENABLE_DEBUG_INFO = YES;
				ONLY_ACTIVE_ARCH = YES;
				SDKROOT = iphoneos;
				TARGETED_DEVICE_FAMILY = "1,2";
			};
			name = Debug;
		};
		7F89BE401F2AE67F00320F0C /* Release */ = {
			isa = XCBuildConfiguration;
			buildSettings = {
				ALWAYS_SEARCH_USER_PATHS = NO;
				CLANG_ANALYZER_NONNULL = YES;
				CLANG_ANALYZER_NUMBER_OBJECT_CONVERSION = YES_AGGRESSIVE;
				CLANG_CXX_LANGUAGE_STANDARD = "gnu++0x";
				CLANG_CXX_LIBRARY = "libc++";
				CLANG_ENABLE_MODULES = YES;
				CLANG_ENABLE_OBJC_ARC = YES;
				CLANG_WARN_BOOL_CONVERSION = YES;
				CLANG_WARN_CONSTANT_CONVERSION = YES;
				CLANG_WARN_DIRECT_OBJC_ISA_USAGE = YES_ERROR;
				CLANG_WARN_DOCUMENTATION_COMMENTS = YES;
				CLANG_WARN_EMPTY_BODY = YES;
				CLANG_WARN_ENUM_CONVERSION = YES;
				CLANG_WARN_INFINITE_RECURSION = YES;
				CLANG_WARN_INT_CONVERSION = YES;
				CLANG_WARN_OBJC_ROOT_CLASS = YES_ERROR;
				CLANG_WARN_SUSPICIOUS_MOVE = YES;
				CLANG_WARN_UNREACHABLE_CODE = YES;
				CLANG_WARN__DUPLICATE_METHOD_MATCH = YES;
				"CODE_SIGN_IDENTITY[sdk=iphoneos*]" = "iPhone Developer";
				COPY_PHASE_STRIP = NO;
				DEBUG_INFORMATION_FORMAT = "dwarf-with-dsym";
				ENABLE_NS_ASSERTIONS = NO;
				ENABLE_STRICT_OBJC_MSGSEND = YES;
				GCC_C_LANGUAGE_STANDARD = gnu99;
				GCC_NO_COMMON_BLOCKS = YES;
				GCC_WARN_64_TO_32_BIT_CONVERSION = YES;
				GCC_WARN_ABOUT_RETURN_TYPE = YES_ERROR;
				GCC_WARN_UNDECLARED_SELECTOR = YES;
				GCC_WARN_UNINITIALIZED_AUTOS = YES_AGGRESSIVE;
				GCC_WARN_UNUSED_FUNCTION = YES;
				GCC_WARN_UNUSED_VARIABLE = YES;
				IPHONEOS_DEPLOYMENT_TARGET = 10.3;
				MTL_ENABLE_DEBUG_INFO = NO;
				SDKROOT = iphoneos;
				TARGETED_DEVICE_FAMILY = "1,2";
				VALIDATE_PRODUCT = YES;
			};
			name = Release;
		};
		7F89BE421F2AE67F00320F0C /* Debug */ = {
			isa = XCBuildConfiguration;
			buildSettings = {
				ASSETCATALOG_COMPILER_APPICON_NAME = AppIcon;
				DEVELOPMENT_TEAM = 6FF75Z63XL;
				GCC_PREFIX_HEADER = "$(SOURCE_ROOT)/$(PRODUCT_NAME)/PrefixHeader.pch";
				INFOPLIST_FILE = JHOptionView/Info.plist;
				LD_RUNPATH_SEARCH_PATHS = "$(inherited) @executable_path/Frameworks";
				PRODUCT_BUNDLE_IDENTIFIER = com.hongsui.JHOptionView;
				PRODUCT_NAME = "$(TARGET_NAME)";
			};
			name = Debug;
		};
		7F89BE431F2AE67F00320F0C /* Release */ = {
			isa = XCBuildConfiguration;
			buildSettings = {
				ASSETCATALOG_COMPILER_APPICON_NAME = AppIcon;
				DEVELOPMENT_TEAM = 6FF75Z63XL;
				GCC_PREFIX_HEADER = "$(SOURCE_ROOT)/$(PRODUCT_NAME)/PrefixHeader.pch";
				INFOPLIST_FILE = JHOptionView/Info.plist;
				LD_RUNPATH_SEARCH_PATHS = "$(inherited) @executable_path/Frameworks";
				PRODUCT_BUNDLE_IDENTIFIER = com.hongsui.JHOptionView;
				PRODUCT_NAME = "$(TARGET_NAME)";
			};
			name = Release;
		};
/* End XCBuildConfiguration section */

/* Begin XCConfigurationList section */
		7F89BE251F2AE67F00320F0C /* Build configuration list for PBXProject "JHOptionView" */ = {
			isa = XCConfigurationList;
			buildConfigurations = (
				7F89BE3F1F2AE67F00320F0C /* Debug */,
				7F89BE401F2AE67F00320F0C /* Release */,
			);
			defaultConfigurationIsVisible = 0;
			defaultConfigurationName = Release;
		};
		7F89BE411F2AE67F00320F0C /* Build configuration list for PBXNativeTarget "JHOptionView" */ = {
			isa = XCConfigurationList;
			buildConfigurations = (
				7F89BE421F2AE67F00320F0C /* Debug */,
				7F89BE431F2AE67F00320F0C /* Release */,
			);
			defaultConfigurationIsVisible = 0;
		};
/* End XCConfigurationList section */
	};
	rootObject = 7F89BE221F2AE67F00320F0C /* Project object */;
}
